
Microsoft Visual Studio Solution File, Format Version 12.00
# Visual Studio Version 17
VisualStudioVersion = 17.3.32922.545
MinimumVisualStudioVersion = 10.0.40219.1
Project("{2150E333-8FDC-42A3-9474-1A3956D46DE8}") = "1. Servicios", "1. Servicios", "{A6E3C8B9-F9DB-4EF9-85C8-16BB41B87150}"
EndProject
Project("{2150E333-8FDC-42A3-9474-1A3956D46DE8}") = "2. Negocios", "2. Negocios", "{74225A40-558D-4C48-8FCA-2E8C5DBF5A5F}"
EndProject
Project("{2150E333-8FDC-42A3-9474-1A3956D46DE8}") = "3. Infrestructuras", "3. Infrestructuras", "{47AC9BBB-5463-43E3-B032-76D5B939986A}"
EndProject
Project("{2150E333-8FDC-42A3-9474-1A3956D46DE8}") = "4. Core", "4. Core", "{A7A72AF7-40A4-4EE4-976D-8124A7806DB6}"
EndProject
Project("{9A19103F-16F7-4668-BE54-9A1E7A4F7556}") = "AppNet6.Core", "4. Core\AppNet6.Core\AppNet6.Core.csproj", "{3A1CA980-B7E3-4486-96BC-816E242ABE14}"
EndProject
Project("{9A19103F-16F7-4668-BE54-9A1E7A4F7556}") = "AppNet6.Infrestructuras", "3. Infrestructuras\AppNet6.Infrestructuras\AppNet6.Infrestructuras.csproj", "{6AE2434C-EAF2-44ED-BC0C-1C0929A7BF21}"
EndProject
Project("{9A19103F-16F7-4668-BE54-9A1E7A4F7556}") = "AppNet6.Negocios", "3. Negocios\AppNet6.Negocios\AppNet6.Negocios.csproj", "{53FB87AF-53E0-4460-A204-964220B80A67}"
EndProject
Project("{9A19103F-16F7-4668-BE54-9A1E7A4F7556}") = "AppNet6.Api", "1. Servicios\AppNet6.Api\AppNet6.Api.csproj", "{3D8AB561-C9D6-4F0E-9465-A76299EB9462}"
EndProject
Project("{2150E333-8FDC-42A3-9474-1A3956D46DE8}") = "5. ScriptSQL", "5. ScriptSQL", "{B7ABA93D-9187-449C-834C-EE35D18775B2}"
	ProjectSection(SolutionItems) = preProject
		5. ScriptSQL\DB_Chat.sql = 5. ScriptSQL\DB_Chat.sql
	EndProjectSection
EndProject
Global
	GlobalSection(SolutionConfigurationPlatforms) = preSolution
		Debug|Any CPU = Debug|Any CPU
		Release|Any CPU = Release|Any CPU
	EndGlobalSection
	GlobalSection(ProjectConfigurationPlatforms) = postSolution
		{3A1CA980-B7E3-4486-96BC-816E242ABE14}.Debug|Any CPU.ActiveCfg = Debug|Any CPU
		{3A1CA980-B7E3-4486-96BC-816E242ABE14}.Debug|Any CPU.Build.0 = Debug|Any CPU
		{3A1CA980-B7E3-4486-96BC-816E242ABE14}.Release|Any CPU.ActiveCfg = Release|Any CPU
		{3A1CA980-B7E3-4486-96BC-816E242ABE14}.Release|Any CPU.Build.0 = Release|Any CPU
		{6AE2434C-EAF2-44ED-BC0C-1C0929A7BF21}.Debug|Any CPU.ActiveCfg = Debug|Any CPU
		{6AE2434C-EAF2-44ED-BC0C-1C0929A7BF21}.Debug|Any CPU.Build.0 = Debug|Any CPU
		{6AE2434C-EAF2-44ED-BC0C-1C0929A7BF21}.Release|Any CPU.ActiveCfg = Release|Any CPU
		{6AE2434C-EAF2-44ED-BC0C-1C0929A7BF21}.Release|Any CPU.Build.0 = Release|Any CPU
		{53FB87AF-53E0-4460-A204-964220B80A67}.Debug|Any CPU.ActiveCfg = Debug|Any CPU
		{53FB87AF-53E0-4460-A204-964220B80A67}.Debug|Any CPU.Build.0 = Debug|Any CPU
		{53FB87AF-53E0-4460-A204-964220B80A67}.Release|Any CPU.ActiveCfg = Release|Any CPU
		{53FB87AF-53E0-4460-A204-964220B80A67}.Release|Any CPU.Build.0 = Release|Any CPU
		{3D8AB561-C9D6-4F0E-9465-A76299EB9462}.Debug|Any CPU.ActiveCfg = Debug|Any CPU
		{3D8AB561-C9D6-4F0E-9465-A76299EB9462}.Debug|Any CPU.Build.0 = Debug|Any CPU
		{3D8AB561-C9D6-4F0E-9465-A76299EB9462}.Release|Any CPU.ActiveCfg = Release|Any CPU
		{3D8AB561-C9D6-4F0E-9465-A76299EB9462}.Release|Any CPU.Build.0 = Release|Any CPU
	EndGlobalSection
	GlobalSection(SolutionProperties) = preSolution
		HideSolutionNode = FALSE
	EndGlobalSection
	GlobalSection(NestedProjects) = preSolution
		{3A1CA980-B7E3-4486-96BC-816E242ABE14} = {A7A72AF7-40A4-4EE4-976D-8124A7806DB6}
		{6AE2434C-EAF2-44ED-BC0C-1C0929A7BF21} = {47AC9BBB-5463-43E3-B032-76D5B939986A}
		{53FB87AF-53E0-4460-A204-964220B80A67} = {74225A40-558D-4C48-8FCA-2E8C5DBF5A5F}
		{3D8AB561-C9D6-4F0E-9465-A76299EB9462} = {A6E3C8B9-F9DB-4EF9-85C8-16BB41B87150}
	EndGlobalSection
	GlobalSection(ExtensibilityGlobals) = postSolution
		SolutionGuid = {19770A4C-E59D-48BF-AA8B-8CC662E8843B}
	EndGlobalSection
EndGlobal
